
Microsoft Visual Studio Solution File, Format Version 12.00
# Visual Studio 15
VisualStudioVersion = 15.0.28307.572
MinimumVisualStudioVersion = 10.0.40219.1
Project("{2150E333-8FDC-42A3-9474-1A3956D46DE8}") = "src", "src", "{A8DD4E37-F8A8-4463-AB50-BE6298B0B8D3}"
EndProject
Project("{2150E333-8FDC-42A3-9474-1A3956D46DE8}") = "test", "test", "{A2CB333F-4AC2-4797-9AB8-3D1EC1AE0919}"
EndProject
Project("{2150E333-8FDC-42A3-9474-1A3956D46DE8}") = "doc", "doc", "{E39C1FC3-7F8F-4482-BF39-E61DC72E5FC5}"
	ProjectSection(SolutionItems) = preProject
		doc\Reference Architecture Guidance.docx = doc\Reference Architecture Guidance.docx
	EndProjectSection
EndProject
Project("{2150E333-8FDC-42A3-9474-1A3956D46DE8}") = "build", "build", "{55BE6041-CC17-4870-A093-229A1F4B7277}"
	ProjectSection(SolutionItems) = preProject
		build\build-all.sh = build\build-all.sh
	EndProjectSection
EndProject
Project("{2150E333-8FDC-42A3-9474-1A3956D46DE8}") = "release", "release", "{1B216D17-82F0-4F8F-937A-DE40EA61D1F0}"
	ProjectSection(SolutionItems) = preProject
		release\release-all.sh = release\release-all.sh
	EndProjectSection
EndProject
Project("{2150E333-8FDC-42A3-9474-1A3956D46DE8}") = "Services", "Services", "{7918C73E-D0FB-4001-8A4D-9D071DA86FEB}"
EndProject
Project("{2150E333-8FDC-42A3-9474-1A3956D46DE8}") = "Web", "Web", "{7129D31C-34AE-4B5B-BC23-9C7481606196}"
EndProject
Project("{2150E333-8FDC-42A3-9474-1A3956D46DE8}") = "Identity", "Identity", "{318E4162-8D80-4238-99F7-EC36F15C8792}"
EndProject
Project("{2150E333-8FDC-42A3-9474-1A3956D46DE8}") = "Ordering", "Ordering", "{48384297-6393-4347-9E20-7286B60FDD4F}"
EndProject
Project("{2150E333-8FDC-42A3-9474-1A3956D46DE8}") = "Orchestrator", "Orchestrator", "{A523C80A-8BF2-426E-A626-D92175412E6C}"
EndProject
Project("{2150E333-8FDC-42A3-9474-1A3956D46DE8}") = "ApiGateways", "ApiGateways", "{8F72CC79-2904-4584-B6C0-1A20F3C930EA}"
EndProject
Project("{2150E333-8FDC-42A3-9474-1A3956D46DE8}") = "BuildingBlocks", "BuildingBlocks", "{0A90A59B-A7F5-435D-B069-027EB11EC30C}"
EndProject
Project("{2150E333-8FDC-42A3-9474-1A3956D46DE8}") = "EventBus", "EventBus", "{BDAFC978-A375-4A31-9B9C-756ED4D10924}"
EndProject
Project("{2150E333-8FDC-42A3-9474-1A3956D46DE8}") = "Payment", "Payment", "{32D35F31-7241-4407-8883-76A7B4F58E6A}"
EndProject
Project("{9A19103F-16F7-4668-BE54-9A1E7A4F7556}") = "Ordering.Domain", "src\Services\Ordering\Ordering.Domain\Ordering.Domain.csproj", "{A00114AF-75FE-4208-AD74-67B5A43C4353}"
EndProject
Project("{9A19103F-16F7-4668-BE54-9A1E7A4F7556}") = "Ordering.UnitTests", "src\Services\Ordering\Ordering.UnitTests\Ordering.UnitTests.csproj", "{BA51E162-7A21-4761-A4B8-4EA5B3088C9A}"
EndProject
Project("{9A19103F-16F7-4668-BE54-9A1E7A4F7556}") = "Ordering.IntegrationTests", "src\Services\Ordering\Ordering.IntegrationTests\Ordering.IntegrationTests.csproj", "{5B89D3BB-3F4E-4A21-B2A3-EBC3DA0513DE}"
EndProject
Project("{9A19103F-16F7-4668-BE54-9A1E7A4F7556}") = "Ordering.BackgroundJobs", "src\Services\Ordering\Ordering.BackgroundJobs\Ordering.BackgroundJobs.csproj", "{9AF2C5ED-FAD2-4B34-9EFB-49E3BFD1B16C}"
EndProject
Project("{9A19103F-16F7-4668-BE54-9A1E7A4F7556}") = "Ordering.Infrastructure", "src\Services\Ordering\Ordering.Infrastructure\Ordering.Infrastructure.csproj", "{B35D856D-E9B4-418A-B09F-9C2F9A386417}"
EndProject
Project("{9A19103F-16F7-4668-BE54-9A1E7A4F7556}") = "Ordering.API", "src\Services\Ordering\Ordering.API\Ordering.API.csproj", "{9E0E44E7-A5BA-4E03-AC29-02BF0172B310}"
EndProject
Project("{9A19103F-16F7-4668-BE54-9A1E7A4F7556}") = "ConsoleClientApp", "src\Web\ConsoleClientApp\ConsoleClientApp.csproj", "{53F1C2AB-3E58-454E-83F9-8108D96C322C}"
EndProject
Project("{FAE04EC0-301F-11D3-BF4B-00C04F79EFBC}") = "FunctionalTests", "test\FunctionalTests\FunctionalTests.csproj", "{9CB95288-3AE0-4AEE-A03D-FE7201A09D9B}"
EndProject
Project("{FAE04EC0-301F-11D3-BF4B-00C04F79EFBC}") = "IntegrationTests", "test\IntegrationTests\IntegrationTests.csproj", "{04A10C71-5304-4FF4-815E-F19193EA3F7A}"
EndProject
Project("{2150E333-8FDC-42A3-9474-1A3956D46DE8}") = "solution-items", "solution-items", "{EACC368C-108C-486A-8B53-50D6A9F1AA12}"
	ProjectSection(SolutionItems) = preProject
		.gitignore = .gitignore
		docker-compose.yml = docker-compose.yml
		readme.md = readme.md
	EndProjectSection
EndProject
Project("{2150E333-8FDC-42A3-9474-1A3956D46DE8}") = "Mobile", "Mobile", "{6A8877FB-FF9F-4A07-841F-C2D0487573F5}"
EndProject
Project("{2150E333-8FDC-42A3-9474-1A3956D46DE8}") = "Web", "Web", "{A9CC1A5D-5513-4667-BB6B-3D5D85A7CA66}"
EndProject
Project("{FAE04EC0-301F-11D3-BF4B-00C04F79EFBC}") = "WebClientApp", "src\Web\WebClientApp\WebClientApp.csproj", "{4730D1A8-ECB5-4F33-AF96-B748AACF1F72}"
EndProject
Global
	GlobalSection(SolutionConfigurationPlatforms) = preSolution
		Debug|Any CPU = Debug|Any CPU
		Release|Any CPU = Release|Any CPU
	EndGlobalSection
	GlobalSection(ProjectConfigurationPlatforms) = postSolution
		{A00114AF-75FE-4208-AD74-67B5A43C4353}.Debug|Any CPU.ActiveCfg = Debug|Any CPU
		{A00114AF-75FE-4208-AD74-67B5A43C4353}.Debug|Any CPU.Build.0 = Debug|Any CPU
		{A00114AF-75FE-4208-AD74-67B5A43C4353}.Release|Any CPU.ActiveCfg = Release|Any CPU
		{A00114AF-75FE-4208-AD74-67B5A43C4353}.Release|Any CPU.Build.0 = Release|Any CPU
		{BA51E162-7A21-4761-A4B8-4EA5B3088C9A}.Debug|Any CPU.ActiveCfg = Debug|Any CPU
		{BA51E162-7A21-4761-A4B8-4EA5B3088C9A}.Debug|Any CPU.Build.0 = Debug|Any CPU
		{BA51E162-7A21-4761-A4B8-4EA5B3088C9A}.Release|Any CPU.ActiveCfg = Release|Any CPU
		{BA51E162-7A21-4761-A4B8-4EA5B3088C9A}.Release|Any CPU.Build.0 = Release|Any CPU
		{5B89D3BB-3F4E-4A21-B2A3-EBC3DA0513DE}.Debug|Any CPU.ActiveCfg = Debug|Any CPU
		{5B89D3BB-3F4E-4A21-B2A3-EBC3DA0513DE}.Debug|Any CPU.Build.0 = Debug|Any CPU
		{5B89D3BB-3F4E-4A21-B2A3-EBC3DA0513DE}.Release|Any CPU.ActiveCfg = Release|Any CPU
		{5B89D3BB-3F4E-4A21-B2A3-EBC3DA0513DE}.Release|Any CPU.Build.0 = Release|Any CPU
		{9AF2C5ED-FAD2-4B34-9EFB-49E3BFD1B16C}.Debug|Any CPU.ActiveCfg = Debug|Any CPU
		{9AF2C5ED-FAD2-4B34-9EFB-49E3BFD1B16C}.Debug|Any CPU.Build.0 = Debug|Any CPU
		{9AF2C5ED-FAD2-4B34-9EFB-49E3BFD1B16C}.Release|Any CPU.ActiveCfg = Release|Any CPU
		{9AF2C5ED-FAD2-4B34-9EFB-49E3BFD1B16C}.Release|Any CPU.Build.0 = Release|Any CPU
		{B35D856D-E9B4-418A-B09F-9C2F9A386417}.Debug|Any CPU.ActiveCfg = Debug|Any CPU
		{B35D856D-E9B4-418A-B09F-9C2F9A386417}.Debug|Any CPU.Build.0 = Debug|Any CPU
		{B35D856D-E9B4-418A-B09F-9C2F9A386417}.Release|Any CPU.ActiveCfg = Release|Any CPU
		{B35D856D-E9B4-418A-B09F-9C2F9A386417}.Release|Any CPU.Build.0 = Release|Any CPU
		{9E0E44E7-A5BA-4E03-AC29-02BF0172B310}.Debug|Any CPU.ActiveCfg = Debug|Any CPU
		{9E0E44E7-A5BA-4E03-AC29-02BF0172B310}.Debug|Any CPU.Build.0 = Debug|Any CPU
		{9E0E44E7-A5BA-4E03-AC29-02BF0172B310}.Release|Any CPU.ActiveCfg = Release|Any CPU
		{9E0E44E7-A5BA-4E03-AC29-02BF0172B310}.Release|Any CPU.Build.0 = Release|Any CPU
		{53F1C2AB-3E58-454E-83F9-8108D96C322C}.Debug|Any CPU.ActiveCfg = Debug|Any CPU
		{53F1C2AB-3E58-454E-83F9-8108D96C322C}.Debug|Any CPU.Build.0 = Debug|Any CPU
		{53F1C2AB-3E58-454E-83F9-8108D96C322C}.Release|Any CPU.ActiveCfg = Release|Any CPU
		{53F1C2AB-3E58-454E-83F9-8108D96C322C}.Release|Any CPU.Build.0 = Release|Any CPU
		{9CB95288-3AE0-4AEE-A03D-FE7201A09D9B}.Debug|Any CPU.ActiveCfg = Debug|Any CPU
		{9CB95288-3AE0-4AEE-A03D-FE7201A09D9B}.Debug|Any CPU.Build.0 = Debug|Any CPU
		{9CB95288-3AE0-4AEE-A03D-FE7201A09D9B}.Release|Any CPU.ActiveCfg = Release|Any CPU
		{9CB95288-3AE0-4AEE-A03D-FE7201A09D9B}.Release|Any CPU.Build.0 = Release|Any CPU
		{04A10C71-5304-4FF4-815E-F19193EA3F7A}.Debug|Any CPU.ActiveCfg = Debug|Any CPU
		{04A10C71-5304-4FF4-815E-F19193EA3F7A}.Debug|Any CPU.Build.0 = Debug|Any CPU
		{04A10C71-5304-4FF4-815E-F19193EA3F7A}.Release|Any CPU.ActiveCfg = Release|Any CPU
		{04A10C71-5304-4FF4-815E-F19193EA3F7A}.Release|Any CPU.Build.0 = Release|Any CPU
		{4730D1A8-ECB5-4F33-AF96-B748AACF1F72}.Debug|Any CPU.ActiveCfg = Debug|Any CPU
		{4730D1A8-ECB5-4F33-AF96-B748AACF1F72}.Debug|Any CPU.Build.0 = Debug|Any CPU
		{4730D1A8-ECB5-4F33-AF96-B748AACF1F72}.Release|Any CPU.ActiveCfg = Release|Any CPU
		{4730D1A8-ECB5-4F33-AF96-B748AACF1F72}.Release|Any CPU.Build.0 = Release|Any CPU
	EndGlobalSection
	GlobalSection(SolutionProperties) = preSolution
		HideSolutionNode = FALSE
	EndGlobalSection
	GlobalSection(NestedProjects) = preSolution
		{7918C73E-D0FB-4001-8A4D-9D071DA86FEB} = {A8DD4E37-F8A8-4463-AB50-BE6298B0B8D3}
		{7129D31C-34AE-4B5B-BC23-9C7481606196} = {A8DD4E37-F8A8-4463-AB50-BE6298B0B8D3}
		{318E4162-8D80-4238-99F7-EC36F15C8792} = {7918C73E-D0FB-4001-8A4D-9D071DA86FEB}
		{48384297-6393-4347-9E20-7286B60FDD4F} = {7918C73E-D0FB-4001-8A4D-9D071DA86FEB}
		{A523C80A-8BF2-426E-A626-D92175412E6C} = {7918C73E-D0FB-4001-8A4D-9D071DA86FEB}
		{8F72CC79-2904-4584-B6C0-1A20F3C930EA} = {A8DD4E37-F8A8-4463-AB50-BE6298B0B8D3}
		{0A90A59B-A7F5-435D-B069-027EB11EC30C} = {A8DD4E37-F8A8-4463-AB50-BE6298B0B8D3}
		{BDAFC978-A375-4A31-9B9C-756ED4D10924} = {0A90A59B-A7F5-435D-B069-027EB11EC30C}
		{32D35F31-7241-4407-8883-76A7B4F58E6A} = {7918C73E-D0FB-4001-8A4D-9D071DA86FEB}
		{A00114AF-75FE-4208-AD74-67B5A43C4353} = {48384297-6393-4347-9E20-7286B60FDD4F}
		{BA51E162-7A21-4761-A4B8-4EA5B3088C9A} = {48384297-6393-4347-9E20-7286B60FDD4F}
		{5B89D3BB-3F4E-4A21-B2A3-EBC3DA0513DE} = {48384297-6393-4347-9E20-7286B60FDD4F}
		{9AF2C5ED-FAD2-4B34-9EFB-49E3BFD1B16C} = {48384297-6393-4347-9E20-7286B60FDD4F}
		{B35D856D-E9B4-418A-B09F-9C2F9A386417} = {48384297-6393-4347-9E20-7286B60FDD4F}
		{9E0E44E7-A5BA-4E03-AC29-02BF0172B310} = {48384297-6393-4347-9E20-7286B60FDD4F}
		{53F1C2AB-3E58-454E-83F9-8108D96C322C} = {7129D31C-34AE-4B5B-BC23-9C7481606196}
		{9CB95288-3AE0-4AEE-A03D-FE7201A09D9B} = {A2CB333F-4AC2-4797-9AB8-3D1EC1AE0919}
		{04A10C71-5304-4FF4-815E-F19193EA3F7A} = {A2CB333F-4AC2-4797-9AB8-3D1EC1AE0919}
		{6A8877FB-FF9F-4A07-841F-C2D0487573F5} = {8F72CC79-2904-4584-B6C0-1A20F3C930EA}
		{A9CC1A5D-5513-4667-BB6B-3D5D85A7CA66} = {8F72CC79-2904-4584-B6C0-1A20F3C930EA}
		{4730D1A8-ECB5-4F33-AF96-B748AACF1F72} = {7129D31C-34AE-4B5B-BC23-9C7481606196}
	EndGlobalSection
	GlobalSection(ExtensibilityGlobals) = postSolution
		SolutionGuid = {3C7CD05C-AF37-4F3F-B4C8-01FABD9D03AD}
	EndGlobalSection
EndGlobal
